// !$*UTF8*$!
{
	archiveVersion = 1;
	classes = {
	};
	objectVersion = 46;
	objects = {

/* Begin PBXBuildFile section */
		5AE2EE8A1A7BC7D200AC14A8 /* AppDelegate.swift in Sources */ = {isa = PBXBuildFile; fileRef = 5AE2EE891A7BC7D200AC14A8 /* AppDelegate.swift */; };
		5AE2EE8C1A7BC7D200AC14A8 /* ViewController.swift in Sources */ = {isa = PBXBuildFile; fileRef = 5AE2EE8B1A7BC7D200AC14A8 /* ViewController.swift */; };
		5AE2EE8F1A7BC7D200AC14A8 /* Main.storyboard in Resources */ = {isa = PBXBuildFile; fileRef = 5AE2EE8D1A7BC7D200AC14A8 /* Main.storyboard */; };
		5AE2EE911A7BC7D200AC14A8 /* Images.xcassets in Resources */ = {isa = PBXBuildFile; fileRef = 5AE2EE901A7BC7D200AC14A8 /* Images.xcassets */; };
		5AE2EE941A7BC7D200AC14A8 /* LaunchScreen.xib in Resources */ = {isa = PBXBuildFile; fileRef = 5AE2EE921A7BC7D200AC14A8 /* LaunchScreen.xib */; };
		5AE2EEA01A7BC7D200AC14A8 /* TipCalculatorTests.swift in Sources */ = {isa = PBXBuildFile; fileRef = 5AE2EE9F1A7BC7D200AC14A8 /* TipCalculatorTests.swift */; };
/* End PBXBuildFile section */

/* Begin PBXContainerItemProxy section */
		5AE2EE9A1A7BC7D200AC14A8 /* PBXContainerItemProxy */ = {
			isa = PBXContainerItemProxy;
			containerPortal = 5AE2EE7C1A7BC7D200AC14A8 /* Project object */;
			proxyType = 1;
			remoteGlobalIDString = 5AE2EE831A7BC7D200AC14A8;
			remoteInfo = TipCalculator;
		};
/* End PBXContainerItemProxy section */

/* Begin PBXFileReference section */
		5AE2EE841A7BC7D200AC14A8 /* TipCalculator.app */ = {isa = PBXFileReference; explicitFileType = wrapper.application; includeInIndex = 0; path = TipCalculator.app; sourceTree = BUILT_PRODUCTS_DIR; };
		5AE2EE881A7BC7D200AC14A8 /* Info.plist */ = {isa = PBXFileReference; lastKnownFileType = text.plist.xml; path = Info.plist; sourceTree = "<group>"; };
		5AE2EE891A7BC7D200AC14A8 /* AppDelegate.swift */ = {isa = PBXFileReference; lastKnownFileType = sourcecode.swift; path = AppDelegate.swift; sourceTree = "<group>"; };
		5AE2EE8B1A7BC7D200AC14A8 /* ViewController.swift */ = {isa = PBXFileReference; lastKnownFileType = sourcecode.swift; path = ViewController.swift; sourceTree = "<group>"; };
		5AE2EE8E1A7BC7D200AC14A8 /* Base */ = {isa = PBXFileReference; lastKnownFileType = file.storyboard; name = Base; path = Base.lproj/Main.storyboard; sourceTree = "<group>"; };
		5AE2EE901A7BC7D200AC14A8 /* Images.xcassets */ = {isa = PBXFileReference; lastKnownFileType = folder.assetcatalog; path = Images.xcassets; sourceTree = "<group>"; };
		5AE2EE931A7BC7D200AC14A8 /* Base */ = {isa = PBXFileReference; lastKnownFileType = file.xib; name = Base; path = Base.lproj/LaunchScreen.xib; sourceTree = "<group>"; };
		5AE2EE991A7BC7D200AC14A8 /* TipCalculatorTests.xctest */ = {isa = PBXFileReference; explicitFileType = wrapper.cfbundle; includeInIndex = 0; path = TipCalculatorTests.xctest; sourceTree = BUILT_PRODUCTS_DIR; };
		5AE2EE9E1A7BC7D200AC14A8 /* Info.plist */ = {isa = PBXFileReference; lastKnownFileType = text.plist.xml; path = Info.plist; sourceTree = "<group>"; };
		5AE2EE9F1A7BC7D200AC14A8 /* TipCalculatorTests.swift */ = {isa = PBXFileReference; lastKnownFileType = sourcecode.swift; path = TipCalculatorTests.swift; sourceTree = "<group>"; };
/* End PBXFileReference section */

/* Begin PBXFrameworksBuildPhase section */
		5AE2EE811A7BC7D200AC14A8 /* Frameworks */ = {
			isa = PBXFrameworksBuildPhase;
			buildActionMask = 2147483647;
			files = (
			);
			runOnlyForDeploymentPostprocessing = 0;
		};
		5AE2EE961A7BC7D200AC14A8 /* Frameworks */ = {
			isa = PBXFrameworksBuildPhase;
			buildActionMask = 2147483647;
			files = (
			);
			runOnlyForDeploymentPostprocessing = 0;
		};
/* End PBXFrameworksBuildPhase section */

/* Begin PBXGroup section */
		5AE2EE7B1A7BC7D200AC14A8 = {
			isa = PBXGroup;
			children = (
				5AE2EE861A7BC7D200AC14A8 /* TipCalculator */,
				5AE2EE9C1A7BC7D200AC14A8 /* TipCalculatorTests */,
				5AE2EE851A7BC7D200AC14A8 /* Products */,
			);
			sourceTree = "<group>";
		};
		5AE2EE851A7BC7D200AC14A8 /* Products */ = {
			isa = PBXGroup;
			children = (
				5AE2EE841A7BC7D200AC14A8 /* TipCalculator.app */,
				5AE2EE991A7BC7D200AC14A8 /* TipCalculatorTests.xctest */,
			);
			name = Products;
			sourceTree = "<group>";
		};
		5AE2EE861A7BC7D200AC14A8 /* TipCalculator */ = {
			isa = PBXGroup;
			children = (
				5AE2EE891A7BC7D200AC14A8 /* AppDelegate.swift */,
				5AE2EE8B1A7BC7D200AC14A8 /* ViewController.swift */,
				5AE2EE8D1A7BC7D200AC14A8 /* Main.storyboard */,
				5AE2EE901A7BC7D200AC14A8 /* Images.xcassets */,
				5AE2EE921A7BC7D200AC14A8 /* LaunchScreen.xib */,
				5AE2EE871A7BC7D200AC14A8 /* Supporting Files */,
			);
			path = TipCalculator;
			sourceTree = "<group>";
		};
		5AE2EE871A7BC7D200AC14A8 /* Supporting Files */ = {
			isa = PBXGroup;
			children = (
				5AE2EE881A7BC7D200AC14A8 /* Info.plist */,
			);
			name = "Supporting Files";
			sourceTree = "<group>";
		};
		5AE2EE9C1A7BC7D200AC14A8 /* TipCalculatorTests */ = {
			isa = PBXGroup;
			children = (
				5AE2EE9F1A7BC7D200AC14A8 /* TipCalculatorTests.swift */,
				5AE2EE9D1A7BC7D200AC14A8 /* Supporting Files */,
			);
			path = TipCalculatorTests;
			sourceTree = "<group>";
		};
		5AE2EE9D1A7BC7D200AC14A8 /* Supporting Files */ = {
			isa = PBXGroup;
			children = (
				5AE2EE9E1A7BC7D200AC14A8 /* Info.plist */,
			);
			name = "Supporting Files";
			sourceTree = "<group>";
		};
/* End PBXGroup section */

/* Begin PBXNativeTarget section */
		5AE2EE831A7BC7D200AC14A8 /* TipCalculator */ = {
			isa = PBXNativeTarget;
			buildConfigurationList = 5AE2EEA31A7BC7D200AC14A8 /* Build configuration list for PBXNativeTarget "TipCalculator" */;
			buildPhases = (
				5AE2EE801A7BC7D200AC14A8 /* Sources */,
				5AE2EE811A7BC7D200AC14A8 /* Frameworks */,
				5AE2EE821A7BC7D200AC14A8 /* Resources */,
			);
			buildRules = (
			);
			dependencies = (
			);
			name = TipCalculator;
			productName = TipCalculator;
			productReference = 5AE2EE841A7BC7D200AC14A8 /* TipCalculator.app */;
			productType = "com.apple.product-type.application";
		};
		5AE2EE981A7BC7D200AC14A8 /* TipCalculatorTests */ = {
			isa = PBXNativeTarget;
			buildConfigurationList = 5AE2EEA61A7BC7D200AC14A8 /* Build configuration list for PBXNativeTarget "TipCalculatorTests" */;
			buildPhases = (
				5AE2EE951A7BC7D200AC14A8 /* Sources */,
				5AE2EE961A7BC7D200AC14A8 /* Frameworks */,
				5AE2EE971A7BC7D200AC14A8 /* Resources */,
			);
			buildRules = (
			);
			dependencies = (
				5AE2EE9B1A7BC7D200AC14A8 /* PBXTargetDependency */,
			);
			name = TipCalculatorTests;
			productName = TipCalculatorTests;
			productReference = 5AE2EE991A7BC7D200AC14A8 /* TipCalculatorTests.xctest */;
			productType = "com.apple.product-type.bundle.unit-test";
		};
/* End PBXNativeTarget section */

/* Begin PBXProject section */
		5AE2EE7C1A7BC7D200AC14A8 /* Project object */ = {
			isa = PBXProject;
			attributes = {
				LastUpgradeCheck = 0620;
				ORGANIZATIONNAME = "YuQuan Zhang";
				TargetAttributes = {
					5AE2EE831A7BC7D200AC14A8 = {
						CreatedOnToolsVersion = 6.2;
					};
					5AE2EE981A7BC7D200AC14A8 = {
						CreatedOnToolsVersion = 6.2;
						TestTargetID = 5AE2EE831A7BC7D200AC14A8;
					};
				};
			};
			buildConfigurationList = 5AE2EE7F1A7BC7D200AC14A8 /* Build configuration list for PBXProject "TipCalculator" */;
			compatibilityVersion = "Xcode 3.2";
			developmentRegion = English;
			hasScannedForEncodings = 0;
			knownRegions = (
				en,
				Base,
			);
			mainGroup = 5AE2EE7B1A7BC7D200AC14A8;
			productRefGroup = 5AE2EE851A7BC7D200AC14A8 /* Products */;
			projectDirPath = "";
			projectRoot = "";
			targets = (
				5AE2EE831A7BC7D200AC14A8 /* TipCalculator */,
				5AE2EE981A7BC7D200AC14A8 /* TipCalculatorTests */,
			);
		};
/* End PBXProject section */

/* Begin PBXResourcesBuildPhase section */
		5AE2EE821A7BC7D200AC14A8 /* Resources */ = {
			isa = PBXResourcesBuildPhase;
			buildActionMask = 2147483647;
			files = (
				5AE2EE8F1A7BC7D200AC14A8 /* Main.storyboard in Resources */,
				5AE2EE941A7BC7D200AC14A8 /* LaunchScreen.xib in Resources */,
				5AE2EE911A7BC7D200AC14A8 /* Images.xcassets in Resources */,
			);
			runOnlyForDeploymentPostprocessing = 0;
		};
		5AE2EE971A7BC7D200AC14A8 /* Resources */ = {
			isa = PBXResourcesBuildPhase;
			buildActionMask = 2147483647;
			files = (
			);
			runOnlyForDeploymentPostprocessing = 0;
		};
/* End PBXResourcesBuildPhase section */

/* Begin PBXSourcesBuildPhase section */
		5AE2EE801A7BC7D200AC14A8 /* Sources */ = {
			isa = PBXSourcesBuildPhase;
			buildActionMask = 2147483647;
			files = (
				5AE2EE8C1A7BC7D200AC14A8 /* ViewController.swift in Sources */,
				5AE2EE8A1A7BC7D200AC14A8 /* AppDelegate.swift in Sources */,
			);
			runOnlyForDeploymentPostprocessing = 0;
		};
		5AE2EE951A7BC7D200AC14A8 /* Sources */ = {
			isa = PBXSourcesBuildPhase;
			buildActionMask = 2147483647;
			files = (
				5AE2EEA01A7BC7D200AC14A8 /* TipCalculatorTests.swift in Sources */,
			);
			runOnlyForDeploymentPostprocessing = 0;
		};
/* End PBXSourcesBuildPhase section */

/* Begin PBXTargetDependency section */
		5AE2EE9B1A7BC7D200AC14A8 /* PBXTargetDependency */ = {
			isa = PBXTargetDependency;
			target = 5AE2EE831A7BC7D200AC14A8 /* TipCalculator */;
			targetProxy = 5AE2EE9A1A7BC7D200AC14A8 /* PBXContainerItemProxy */;
		};
/* End PBXTargetDependency section */

/* Begin PBXVariantGroup section */
		5AE2EE8D1A7BC7D200AC14A8 /* Main.storyboard */ = {
			isa = PBXVariantGroup;
			children = (
				5AE2EE8E1A7BC7D200AC14A8 /* Base */,
			);
			name = Main.storyboard;
			sourceTree = "<group>";
		};
		5AE2EE921A7BC7D200AC14A8 /* LaunchScreen.xib */ = {
			isa = PBXVariantGroup;
			children = (
				5AE2EE931A7BC7D200AC14A8 /* Base */,
			);
			name = LaunchScreen.xib;
			sourceTree = "<group>";
		};
/* End PBXVariantGroup section */

/* Begin XCBuildConfiguration section */
		5AE2EEA11A7BC7D200AC14A8 /* Debug */ = {
			isa = XCBuildConfiguration;
			buildSettings = {
				ALWAYS_SEARCH_USER_PATHS = NO;
				CLANG_CXX_LANGUAGE_STANDARD = "gnu++0x";
				CLANG_CXX_LIBRARY = "libc++";
				CLANG_ENABLE_MODULES = YES;
				CLANG_ENABLE_OBJC_ARC = YES;
				CLANG_WARN_BOOL_CONVERSION = YES;
				CLANG_WARN_CONSTANT_CONVERSION = YES;
				CLANG_WARN_DIRECT_OBJC_ISA_USAGE = YES_ERROR;
				CLANG_WARN_EMPTY_BODY = YES;
				CLANG_WARN_ENUM_CONVERSION = YES;
				CLANG_WARN_INT_CONVERSION = YES;
				CLANG_WARN_OBJC_ROOT_CLASS = YES_ERROR;
				CLANG_WARN_UNREACHABLE_CODE = YES;
				CLANG_WARN__DUPLICATE_METHOD_MATCH = YES;
				"CODE_SIGN_IDENTITY[sdk=iphoneos*]" = "iPhone Developer";
				COPY_PHASE_STRIP = NO;
				ENABLE_STRICT_OBJC_MSGSEND = YES;
				GCC_C_LANGUAGE_STANDARD = gnu99;
				GCC_DYNAMIC_NO_PIC = NO;
				GCC_OPTIMIZATION_LEVEL = 0;
				GCC_PREPROCESSOR_DEFINITIONS = (
					"DEBUG=1",
					"$(inherited)",
				);
				GCC_SYMBOLS_PRIVATE_EXTERN = NO;
				GCC_WARN_64_TO_32_BIT_CONVERSION = YES;
				GCC_WARN_ABOUT_RETURN_TYPE = YES_ERROR;
				GCC_WARN_UNDECLARED_SELECTOR = YES;
				GCC_WARN_UNINITIALIZED_AUTOS = YES_AGGRESSIVE;
				GCC_WARN_UNUSED_FUNCTION = YES;
				GCC_WARN_UNUSED_VARIABLE = YES;
				IPHONEOS_DEPLOYMENT_TARGET = 8.2;
				MTL_ENABLE_DEBUG_INFO = YES;
				ONLY_ACTIVE_ARCH = YES;
				SDKROOT = iphoneos;
				SWIFT_OPTIMIZATION_LEVEL = "-Onone";
			};
			name = Debug;
		};
		5AE2EEA21A7BC7D200AC14A8 /* Release */ = {
			isa = XCBuildConfiguration;
			buildSettings = {
				ALWAYS_SEARCH_USER_PATHS = NO;
				CLANG_CXX_LANGUAGE_STANDARD = "gnu++0x";
				CLANG_CXX_LIBRARY = "libc++";
				CLANG_ENABLE_MODULES = YES;
				CLANG_ENABLE_OBJC_ARC = YES;
				CLANG_WARN_BOOL_CONVERSION = YES;
				CLANG_WARN_CONSTANT_CONVERSION = YES;
				CLANG_WARN_DIRECT_OBJC_ISA_USAGE = YES_ERROR;
				CLANG_WARN_EMPTY_BODY = YES;
				CLANG_WARN_ENUM_CONVERSION = YES;
				CLANG_WARN_INT_CONVERSION = YES;
				CLANG_WARN_OBJC_ROOT_CLASS = YES_ERROR;
				CLANG_WARN_UNREACHABLE_CODE = YES;
				CLANG_WARN__DUPLICATE_METHOD_MATCH = YES;
				"CODE_SIGN_IDENTITY[sdk=iphoneos*]" = "iPhone Developer";
				COPY_PHASE_STRIP = NO;
				ENABLE_NS_ASSERTIONS = NO;
				ENABLE_STRICT_OBJC_MSGSEND = YES;
				GCC_C_LANGUAGE_STANDARD = gnu99;
				GCC_WARN_64_TO_32_BIT_CONVERSION = YES;
				GCC_WARN_ABOUT_RETURN_TYPE = YES_ERROR;
				GCC_WARN_UNDECLARED_SELECTOR = YES;
				GCC_WARN_UNINITIALIZED_AUTOS = YES_AGGRESSIVE;
				GCC_WARN_UNUSED_FUNCTION = YES;
				GCC_WARN_UNUSED_VARIABLE = YES;
				IPHONEOS_DEPLOYMENT_TARGET = 8.2;
				MTL_ENABLE_DEBUG_INFO = NO;
				SDKROOT = iphoneos;
				VALIDATE_PRODUCT = YES;
			};
			name = Release;
		};
		5AE2EEA41A7BC7D200AC14A8 /* Debug */ = {
			isa = XCBuildConfiguration;
			buildSettings = {
				ASSETCATALOG_COMPILER_APPICON_NAME = AppIcon;
				INFOPLIST_FILE = TipCalculator/Info.plist;
				IPHONEOS_DEPLOYMENT_TARGET = 7.0;
				LD_RUNPATH_SEARCH_PATHS = "$(inherited) @executable_path/Frameworks";
				PRODUCT_NAME = "$(TARGET_NAME)";
			};
			name = Debug;
		};
		5AE2EEA51A7BC7D200AC14A8 /* Release */ = {
			isa = XCBuildConfiguration;
			buildSettings = {
				ASSETCATALOG_COMPILER_APPICON_NAME = AppIcon;
				INFOPLIST_FILE = TipCalculator/Info.plist;
				IPHONEOS_DEPLOYMENT_TARGET = 7.0;
				LD_RUNPATH_SEARCH_PATHS = "$(inherited) @executable_path/Frameworks";
				PRODUCT_NAME = "$(TARGET_NAME)";
			};
			name = Release;
		};
		5AE2EEA71A7BC7D200AC14A8 /* Debug */ = {
			isa = XCBuildConfiguration;
			buildSettings = {
				BUNDLE_LOADER = "$(TEST_HOST)";
				FRAMEWORK_SEARCH_PATHS = (
					"$(SDKROOT)/Developer/Library/Frameworks",
					"$(inherited)",
				);
				GCC_PREPROCESSOR_DEFINITIONS = (
					"DEBUG=1",
					"$(inherited)",
				);
				INFOPLIST_FILE = TipCalculatorTests/Info.plist;
				LD_RUNPATH_SEARCH_PATHS = "$(inherited) @executable_path/Frameworks @loader_path/Frameworks";
				PRODUCT_NAME = "$(TARGET_NAME)";
				TEST_HOST = "$(BUILT_PRODUCTS_DIR)/TipCalculator.app/TipCalculator";
			};
			name = Debug;
		};
		5AE2EEA81A7BC7D200AC14A8 /* Release */ = {
			isa = XCBuildConfiguration;
			buildSettings = {
				BUNDLE_LOADER = "$(TEST_HOST)";
				FRAMEWORK_SEARCH_PATHS = (
					"$(SDKROOT)/Developer/Library/Frameworks",
					"$(inherited)",
				);
				INFOPLIST_FILE = TipCalculatorTests/Info.plist;
				LD_RUNPATH_SEARCH_PATHS = "$(inherited) @executable_path/Frameworks @loader_path/Frameworks";
				PRODUCT_NAME = "$(TARGET_NAME)";
				TEST_HOST = "$(BUILT_PRODUCTS_DIR)/TipCalculator.app/TipCalculator";
			};
			name = Release;
		};
/* End XCBuildConfiguration section */

/* Begin XCConfigurationList section */
		5AE2EE7F1A7BC7D200AC14A8 /* Build configuration list for PBXProject "TipCalculator" */ = {
			isa = XCConfigurationList;
			buildConfigurations = (
				5AE2EEA11A7BC7D200AC14A8 /* Debug */,
				5AE2EEA21A7BC7D200AC14A8 /* Release */,
			);
			defaultConfigurationIsVisible = 0;
			defaultConfigurationName = Release;
		};
		5AE2EEA31A7BC7D200AC14A8 /* Build configuration list for PBXNativeTarget "TipCalculator" */ = {
			isa = XCConfigurationList;
			buildConfigurations = (
				5AE2EEA41A7BC7D200AC14A8 /* Debug */,
				5AE2EEA51A7BC7D200AC14A8 /* Release */,
			);
			defaultConfigurationIsVisible = 0;
			defaultConfigurationName = Release;
		};
		5AE2EEA61A7BC7D200AC14A8 /* Build configuration list for PBXNativeTarget "TipCalculatorTests" */ = {
			isa = XCConfigurationList;
			buildConfigurations = (
				5AE2EEA71A7BC7D200AC14A8 /* Debug */,
				5AE2EEA81A7BC7D200AC14A8 /* Release */,
			);
			defaultConfigurationIsVisible = 0;
			defaultConfigurationName = Release;
		};
/* End XCConfigurationList section */
	};
	rootObject = 5AE2EE7C1A7BC7D200AC14A8 /* Project object */;
}
